// !$*UTF8*$!
{
	archiveVersion = 1;
	classes = {
	};
	objectVersion = 55;
	objects = {

/* Begin PBXBuildFile section */
		281402AE27D20F2A00E1ABC4 /* gomiCalendarApp.swift in Sources */ = {isa = PBXBuildFile; fileRef = 281402AD27D20F2A00E1ABC4 /* gomiCalendarApp.swift */; };
		281402B027D20F2A00E1ABC4 /* ContentView.swift in Sources */ = {isa = PBXBuildFile; fileRef = 281402AF27D20F2A00E1ABC4 /* ContentView.swift */; };
		281402B227D20F2F00E1ABC4 /* Assets.xcassets in Resources */ = {isa = PBXBuildFile; fileRef = 281402B127D20F2F00E1ABC4 /* Assets.xcassets */; };
		281402B527D20F2F00E1ABC4 /* Preview Assets.xcassets in Resources */ = {isa = PBXBuildFile; fileRef = 281402B427D20F2F00E1ABC4 /* Preview Assets.xcassets */; };
		F5877D6927D245CE008AACE6 /* GoogleService-Info.plist in Resources */ = {isa = PBXBuildFile; fileRef = F5877D6827D245CE008AACE6 /* GoogleService-Info.plist */; };
		F5877D7A27D24F1D008AACE6 /* AppDelegate.swift in Sources */ = {isa = PBXBuildFile; fileRef = F5877D7927D24F1D008AACE6 /* AppDelegate.swift */; };
		F5877D7D27D25903008AACE6 /* FirebaseAnalytics in Frameworks */ = {isa = PBXBuildFile; productRef = F5877D7C27D25903008AACE6 /* FirebaseAnalytics */; };
		F5877D7F27D25903008AACE6 /* FirebaseAppCheck in Frameworks */ = {isa = PBXBuildFile; productRef = F5877D7E27D25903008AACE6 /* FirebaseAppCheck */; };
		F5877D8127D25903008AACE6 /* FirebaseAuth in Frameworks */ = {isa = PBXBuildFile; productRef = F5877D8027D25903008AACE6 /* FirebaseAuth */; };
		F5877D8327D25903008AACE6 /* FirebaseCrashlytics in Frameworks */ = {isa = PBXBuildFile; productRef = F5877D8227D25903008AACE6 /* FirebaseCrashlytics */; };
		F5877D8527D25903008AACE6 /* FirebaseDatabase in Frameworks */ = {isa = PBXBuildFile; productRef = F5877D8427D25903008AACE6 /* FirebaseDatabase */; };
		F5877D8727D25903008AACE6 /* FirebaseFirestore in Frameworks */ = {isa = PBXBuildFile; productRef = F5877D8627D25903008AACE6 /* FirebaseFirestore */; };
		F5877D8927D25903008AACE6 /* FirebaseFunctions in Frameworks */ = {isa = PBXBuildFile; productRef = F5877D8827D25903008AACE6 /* FirebaseFunctions */; };
		F5877D8B27D25903008AACE6 /* FirebaseInstallations in Frameworks */ = {isa = PBXBuildFile; productRef = F5877D8A27D25903008AACE6 /* FirebaseInstallations */; };
		F5877D8D27D25903008AACE6 /* FirebaseStorage in Frameworks */ = {isa = PBXBuildFile; productRef = F5877D8C27D25903008AACE6 /* FirebaseStorage */; };
/* End PBXBuildFile section */

/* Begin PBXFileReference section */
		281402AA27D20F2A00E1ABC4 /* gomiCalendar.app */ = {isa = PBXFileReference; explicitFileType = wrapper.application; includeInIndex = 0; path = gomiCalendar.app; sourceTree = BUILT_PRODUCTS_DIR; };
		281402AD27D20F2A00E1ABC4 /* gomiCalendarApp.swift */ = {isa = PBXFileReference; lastKnownFileType = sourcecode.swift; path = gomiCalendarApp.swift; sourceTree = "<group>"; };
		281402AF27D20F2A00E1ABC4 /* ContentView.swift */ = {isa = PBXFileReference; lastKnownFileType = sourcecode.swift; path = ContentView.swift; sourceTree = "<group>"; };
		281402B127D20F2F00E1ABC4 /* Assets.xcassets */ = {isa = PBXFileReference; lastKnownFileType = folder.assetcatalog; path = Assets.xcassets; sourceTree = "<group>"; };
		281402B427D20F2F00E1ABC4 /* Preview Assets.xcassets */ = {isa = PBXFileReference; lastKnownFileType = folder.assetcatalog; path = "Preview Assets.xcassets"; sourceTree = "<group>"; };
		F5877D6827D245CE008AACE6 /* GoogleService-Info.plist */ = {isa = PBXFileReference; fileEncoding = 4; lastKnownFileType = text.plist.xml; path = "GoogleService-Info.plist"; sourceTree = "<group>"; };
		F5877D7927D24F1D008AACE6 /* AppDelegate.swift */ = {isa = PBXFileReference; lastKnownFileType = sourcecode.swift; path = AppDelegate.swift; sourceTree = "<group>"; };
/* End PBXFileReference section */

/* Begin PBXFrameworksBuildPhase section */
		281402A727D20F2A00E1ABC4 /* Frameworks */ = {
			isa = PBXFrameworksBuildPhase;
			buildActionMask = 2147483647;
			files = (
				F5877D8527D25903008AACE6 /* FirebaseDatabase in Frameworks */,
				F5877D8927D25903008AACE6 /* FirebaseFunctions in Frameworks */,
				F5877D8D27D25903008AACE6 /* FirebaseStorage in Frameworks */,
				F5877D7F27D25903008AACE6 /* FirebaseAppCheck in Frameworks */,
				F5877D8B27D25903008AACE6 /* FirebaseInstallations in Frameworks */,
				F5877D8327D25903008AACE6 /* FirebaseCrashlytics in Frameworks */,
				F5877D8127D25903008AACE6 /* FirebaseAuth in Frameworks */,
				F5877D7D27D25903008AACE6 /* FirebaseAnalytics in Frameworks */,
				F5877D8727D25903008AACE6 /* FirebaseFirestore in Frameworks */,
			);
			runOnlyForDeploymentPostprocessing = 0;
		};
/* End PBXFrameworksBuildPhase section */

/* Begin PBXGroup section */
		281402A127D20F2A00E1ABC4 = {
			isa = PBXGroup;
			children = (
				281402AC27D20F2A00E1ABC4 /* gomiCalendar */,
				281402AB27D20F2A00E1ABC4 /* Products */,
			);
			sourceTree = "<group>";
		};
		281402AB27D20F2A00E1ABC4 /* Products */ = {
			isa = PBXGroup;
			children = (
				281402AA27D20F2A00E1ABC4 /* gomiCalendar.app */,
			);
			name = Products;
			sourceTree = "<group>";
		};
		281402AC27D20F2A00E1ABC4 /* gomiCalendar */ = {
			isa = PBXGroup;
			children = (
				281402AD27D20F2A00E1ABC4 /* gomiCalendarApp.swift */,
				F5877D7927D24F1D008AACE6 /* AppDelegate.swift */,
				281402AF27D20F2A00E1ABC4 /* ContentView.swift */,
				281402B127D20F2F00E1ABC4 /* Assets.xcassets */,
				F5877D6827D245CE008AACE6 /* GoogleService-Info.plist */,
				281402B327D20F2F00E1ABC4 /* Preview Content */,
			);
			path = gomiCalendar;
			sourceTree = "<group>";
		};
		281402B327D20F2F00E1ABC4 /* Preview Content */ = {
			isa = PBXGroup;
			children = (
				281402B427D20F2F00E1ABC4 /* Preview Assets.xcassets */,
			);
			path = "Preview Content";
			sourceTree = "<group>";
		};
/* End PBXGroup section */

/* Begin PBXNativeTarget section */
		281402A927D20F2A00E1ABC4 /* gomiCalendar */ = {
			isa = PBXNativeTarget;
			buildConfigurationList = 281402B827D20F2F00E1ABC4 /* Build configuration list for PBXNativeTarget "gomiCalendar" */;
			buildPhases = (
				281402A627D20F2A00E1ABC4 /* Sources */,
				281402A727D20F2A00E1ABC4 /* Frameworks */,
				281402A827D20F2A00E1ABC4 /* Resources */,
			);
			buildRules = (
			);
			dependencies = (
			);
			name = gomiCalendar;
			packageProductDependencies = (
				F5877D7C27D25903008AACE6 /* FirebaseAnalytics */,
				F5877D7E27D25903008AACE6 /* FirebaseAppCheck */,
				F5877D8027D25903008AACE6 /* FirebaseAuth */,
				F5877D8227D25903008AACE6 /* FirebaseCrashlytics */,
				F5877D8427D25903008AACE6 /* FirebaseDatabase */,
				F5877D8627D25903008AACE6 /* FirebaseFirestore */,
				F5877D8827D25903008AACE6 /* FirebaseFunctions */,
				F5877D8A27D25903008AACE6 /* FirebaseInstallations */,
				F5877D8C27D25903008AACE6 /* FirebaseStorage */,
			);
			productName = gomiCalendar;
			productReference = 281402AA27D20F2A00E1ABC4 /* gomiCalendar.app */;
			productType = "com.apple.product-type.application";
		};
/* End PBXNativeTarget section */

/* Begin PBXProject section */
		281402A227D20F2A00E1ABC4 /* Project object */ = {
			isa = PBXProject;
			attributes = {
				BuildIndependentTargetsInParallel = 1;
				LastSwiftUpdateCheck = 1320;
				LastUpgradeCheck = 1320;
				TargetAttributes = {
					281402A927D20F2A00E1ABC4 = {
						CreatedOnToolsVersion = 13.2.1;
					};
				};
			};
			buildConfigurationList = 281402A527D20F2A00E1ABC4 /* Build configuration list for PBXProject "gomiCalendar" */;
			compatibilityVersion = "Xcode 13.0";
			developmentRegion = en;
			hasScannedForEncodings = 0;
			knownRegions = (
				en,
				Base,
			);
			mainGroup = 281402A127D20F2A00E1ABC4;
			packageReferences = (
				F5877D7B27D25903008AACE6 /* XCRemoteSwiftPackageReference "firebase-ios-sdk" */,
			);
			productRefGroup = 281402AB27D20F2A00E1ABC4 /* Products */;
			projectDirPath = "";
			projectRoot = "";
			targets = (
				281402A927D20F2A00E1ABC4 /* gomiCalendar */,
			);
		};
/* End PBXProject section */

/* Begin PBXResourcesBuildPhase section */
		281402A827D20F2A00E1ABC4 /* Resources */ = {
			isa = PBXResourcesBuildPhase;
			buildActionMask = 2147483647;
			files = (
				281402B527D20F2F00E1ABC4 /* Preview Assets.xcassets in Resources */,
				281402B227D20F2F00E1ABC4 /* Assets.xcassets in Resources */,
				F5877D6927D245CE008AACE6 /* GoogleService-Info.plist in Resources */,
			);
			runOnlyForDeploymentPostprocessing = 0;
		};
/* End PBXResourcesBuildPhase section */

/* Begin PBXSourcesBuildPhase section */
		281402A627D20F2A00E1ABC4 /* Sources */ = {
			isa = PBXSourcesBuildPhase;
			buildActionMask = 2147483647;
			files = (
				F5877D7A27D24F1D008AACE6 /* AppDelegate.swift in Sources */,
				281402B027D20F2A00E1ABC4 /* ContentView.swift in Sources */,
				281402AE27D20F2A00E1ABC4 /* gomiCalendarApp.swift in Sources */,
			);
			runOnlyForDeploymentPostprocessing = 0;
		};
/* End PBXSourcesBuildPhase section */

/* Begin XCBuildConfiguration section */
		281402B627D20F2F00E1ABC4 /* Debug */ = {
			isa = XCBuildConfiguration;
			buildSettings = {
				ALWAYS_SEARCH_USER_PATHS = NO;
				CLANG_ANALYZER_NONNULL = YES;
				CLANG_ANALYZER_NUMBER_OBJECT_CONVERSION = YES_AGGRESSIVE;
				CLANG_CXX_LANGUAGE_STANDARD = "gnu++17";
				CLANG_CXX_LIBRARY = "libc++";
				CLANG_ENABLE_MODULES = YES;
				CLANG_ENABLE_OBJC_ARC = YES;
				CLANG_ENABLE_OBJC_WEAK = YES;
				CLANG_WARN_BLOCK_CAPTURE_AUTORELEASING = YES;
				CLANG_WARN_BOOL_CONVERSION = YES;
				CLANG_WARN_COMMA = YES;
				CLANG_WARN_CONSTANT_CONVERSION = YES;
				CLANG_WARN_DEPRECATED_OBJC_IMPLEMENTATIONS = YES;
				CLANG_WARN_DIRECT_OBJC_ISA_USAGE = YES_ERROR;
				CLANG_WARN_DOCUMENTATION_COMMENTS = YES;
				CLANG_WARN_EMPTY_BODY = YES;
				CLANG_WARN_ENUM_CONVERSION = YES;
				CLANG_WARN_INFINITE_RECURSION = YES;
				CLANG_WARN_INT_CONVERSION = YES;
				CLANG_WARN_NON_LITERAL_NULL_CONVERSION = YES;
				CLANG_WARN_OBJC_IMPLICIT_RETAIN_SELF = YES;
				CLANG_WARN_OBJC_LITERAL_CONVERSION = YES;
				CLANG_WARN_OBJC_ROOT_CLASS = YES_ERROR;
				CLANG_WARN_QUOTED_INCLUDE_IN_FRAMEWORK_HEADER = YES;
				CLANG_WARN_RANGE_LOOP_ANALYSIS = YES;
				CLANG_WARN_STRICT_PROTOTYPES = YES;
				CLANG_WARN_SUSPICIOUS_MOVE = YES;
				CLANG_WARN_UNGUARDED_AVAILABILITY = YES_AGGRESSIVE;
				CLANG_WARN_UNREACHABLE_CODE = YES;
				CLANG_WARN__DUPLICATE_METHOD_MATCH = YES;
				COPY_PHASE_STRIP = NO;
				DEBUG_INFORMATION_FORMAT = dwarf;
				ENABLE_STRICT_OBJC_MSGSEND = YES;
				ENABLE_TESTABILITY = YES;
				GCC_C_LANGUAGE_STANDARD = gnu11;
				GCC_DYNAMIC_NO_PIC = NO;
				GCC_NO_COMMON_BLOCKS = YES;
				GCC_OPTIMIZATION_LEVEL = 0;
				GCC_PREPROCESSOR_DEFINITIONS = (
					"DEBUG=1",
					"$(inherited)",
				);
				GCC_WARN_64_TO_32_BIT_CONVERSION = YES;
				GCC_WARN_ABOUT_RETURN_TYPE = YES_ERROR;
				GCC_WARN_UNDECLARED_SELECTOR = YES;
				GCC_WARN_UNINITIALIZED_AUTOS = YES_AGGRESSIVE;
				GCC_WARN_UNUSED_FUNCTION = YES;
				GCC_WARN_UNUSED_VARIABLE = YES;
				IPHONEOS_DEPLOYMENT_TARGET = 15.2;
				MTL_ENABLE_DEBUG_INFO = INCLUDE_SOURCE;
				MTL_FAST_MATH = YES;
				ONLY_ACTIVE_ARCH = YES;
				SDKROOT = iphoneos;
				SWIFT_ACTIVE_COMPILATION_CONDITIONS = DEBUG;
				SWIFT_OPTIMIZATION_LEVEL = "-Onone";
			};
			name = Debug;
		};
		281402B727D20F2F00E1ABC4 /* Release */ = {
			isa = XCBuildConfiguration;
			buildSettings = {
				ALWAYS_SEARCH_USER_PATHS = NO;
				CLANG_ANALYZER_NONNULL = YES;
				CLANG_ANALYZER_NUMBER_OBJECT_CONVERSION = YES_AGGRESSIVE;
				CLANG_CXX_LANGUAGE_STANDARD = "gnu++17";
				CLANG_CXX_LIBRARY = "libc++";
				CLANG_ENABLE_MODULES = YES;
				CLANG_ENABLE_OBJC_ARC = YES;
				CLANG_ENABLE_OBJC_WEAK = YES;
				CLANG_WARN_BLOCK_CAPTURE_AUTORELEASING = YES;
				CLANG_WARN_BOOL_CONVERSION = YES;
				CLANG_WARN_COMMA = YES;
				CLANG_WARN_CONSTANT_CONVERSION = YES;
				CLANG_WARN_DEPRECATED_OBJC_IMPLEMENTATIONS = YES;
				CLANG_WARN_DIRECT_OBJC_ISA_USAGE = YES_ERROR;
				CLANG_WARN_DOCUMENTATION_COMMENTS = YES;
				CLANG_WARN_EMPTY_BODY = YES;
				CLANG_WARN_ENUM_CONVERSION = YES;
				CLANG_WARN_INFINITE_RECURSION = YES;
				CLANG_WARN_INT_CONVERSION = YES;
				CLANG_WARN_NON_LITERAL_NULL_CONVERSION = YES;
				CLANG_WARN_OBJC_IMPLICIT_RETAIN_SELF = YES;
				CLANG_WARN_OBJC_LITERAL_CONVERSION = YES;
				CLANG_WARN_OBJC_ROOT_CLASS = YES_ERROR;
				CLANG_WARN_QUOTED_INCLUDE_IN_FRAMEWORK_HEADER = YES;
				CLANG_WARN_RANGE_LOOP_ANALYSIS = YES;
				CLANG_WARN_STRICT_PROTOTYPES = YES;
				CLANG_WARN_SUSPICIOUS_MOVE = YES;
				CLANG_WARN_UNGUARDED_AVAILABILITY = YES_AGGRESSIVE;
				CLANG_WARN_UNREACHABLE_CODE = YES;
				CLANG_WARN__DUPLICATE_METHOD_MATCH = YES;
				COPY_PHASE_STRIP = NO;
				DEBUG_INFORMATION_FORMAT = "dwarf-with-dsym";
				ENABLE_NS_ASSERTIONS = NO;
				ENABLE_STRICT_OBJC_MSGSEND = YES;
				GCC_C_LANGUAGE_STANDARD = gnu11;
				GCC_NO_COMMON_BLOCKS = YES;
				GCC_WARN_64_TO_32_BIT_CONVERSION = YES;
				GCC_WARN_ABOUT_RETURN_TYPE = YES_ERROR;
				GCC_WARN_UNDECLARED_SELECTOR = YES;
				GCC_WARN_UNINITIALIZED_AUTOS = YES_AGGRESSIVE;
				GCC_WARN_UNUSED_FUNCTION = YES;
				GCC_WARN_UNUSED_VARIABLE = YES;
				IPHONEOS_DEPLOYMENT_TARGET = 15.2;
				MTL_ENABLE_DEBUG_INFO = NO;
				MTL_FAST_MATH = YES;
				SDKROOT = iphoneos;
				SWIFT_COMPILATION_MODE = wholemodule;
				SWIFT_OPTIMIZATION_LEVEL = "-O";
				VALIDATE_PRODUCT = YES;
			};
			name = Release;
		};
		281402B927D20F2F00E1ABC4 /* Debug */ = {
			isa = XCBuildConfiguration;
			buildSettings = {
				ASSETCATALOG_COMPILER_APPICON_NAME = AppIcon;
				ASSETCATALOG_COMPILER_GLOBAL_ACCENT_COLOR_NAME = AccentColor;
				CODE_SIGN_STYLE = Automatic;
				CURRENT_PROJECT_VERSION = 1;
				DEVELOPMENT_ASSET_PATHS = "\"gomiCalendar/Preview Content\"";
				DEVELOPMENT_TEAM = W6SKLRWR94;
				ENABLE_PREVIEWS = YES;
				GENERATE_INFOPLIST_FILE = YES;
				INFOPLIST_KEY_UIApplicationSceneManifest_Generation = YES;
				INFOPLIST_KEY_UIApplicationSupportsIndirectInputEvents = YES;
				INFOPLIST_KEY_UILaunchScreen_Generation = YES;
				INFOPLIST_KEY_UISupportedInterfaceOrientations_iPad = "UIInterfaceOrientationPortrait UIInterfaceOrientationPortraitUpsideDown UIInterfaceOrientationLandscapeLeft UIInterfaceOrientationLandscapeRight";
				INFOPLIST_KEY_UISupportedInterfaceOrientations_iPhone = "UIInterfaceOrientationPortrait UIInterfaceOrientationLandscapeLeft UIInterfaceOrientationLandscapeRight";
				LD_RUNPATH_SEARCH_PATHS = (
					"$(inherited)",
					"@executable_path/Frameworks",
				);
				MARKETING_VERSION = 1.0;
				PRODUCT_BUNDLE_IDENTIFIER = gomigomimap.gomiCalendar;
				PRODUCT_NAME = "$(TARGET_NAME)";
				SWIFT_EMIT_LOC_STRINGS = YES;
				SWIFT_VERSION = 5.0;
				TARGETED_DEVICE_FAMILY = "1,2";
			};
			name = Debug;
		};
		281402BA27D20F2F00E1ABC4 /* Release */ = {
			isa = XCBuildConfiguration;
			buildSettings = {
				ASSETCATALOG_COMPILER_APPICON_NAME = AppIcon;
				ASSETCATALOG_COMPILER_GLOBAL_ACCENT_COLOR_NAME = AccentColor;
				CODE_SIGN_STYLE = Automatic;
				CURRENT_PROJECT_VERSION = 1;
				DEVELOPMENT_ASSET_PATHS = "\"gomiCalendar/Preview Content\"";
				DEVELOPMENT_TEAM = W6SKLRWR94;
				ENABLE_PREVIEWS = YES;
				GENERATE_INFOPLIST_FILE = YES;
				INFOPLIST_KEY_UIApplicationSceneManifest_Generation = YES;
				INFOPLIST_KEY_UIApplicationSupportsIndirectInputEvents = YES;
				INFOPLIST_KEY_UILaunchScreen_Generation = YES;
				INFOPLIST_KEY_UISupportedInterfaceOrientations_iPad = "UIInterfaceOrientationPortrait UIInterfaceOrientationPortraitUpsideDown UIInterfaceOrientationLandscapeLeft UIInterfaceOrientationLandscapeRight";
				INFOPLIST_KEY_UISupportedInterfaceOrientations_iPhone = "UIInterfaceOrientationPortrait UIInterfaceOrientationLandscapeLeft UIInterfaceOrientationLandscapeRight";
				LD_RUNPATH_SEARCH_PATHS = (
					"$(inherited)",
					"@executable_path/Frameworks",
				);
				MARKETING_VERSION = 1.0;
				PRODUCT_BUNDLE_IDENTIFIER = gomigomimap.gomiCalendar;
				PRODUCT_NAME = "$(TARGET_NAME)";
				SWIFT_EMIT_LOC_STRINGS = YES;
				SWIFT_VERSION = 5.0;
				TARGETED_DEVICE_FAMILY = "1,2";
			};
			name = Release;
		};
/* End XCBuildConfiguration section */

/* Begin XCConfigurationList section */
		281402A527D20F2A00E1ABC4 /* Build configuration list for PBXProject "gomiCalendar" */ = {
			isa = XCConfigurationList;
			buildConfigurations = (
				281402B627D20F2F00E1ABC4 /* Debug */,
				281402B727D20F2F00E1ABC4 /* Release */,
			);
			defaultConfigurationIsVisible = 0;
			defaultConfigurationName = Release;
		};
		281402B827D20F2F00E1ABC4 /* Build configuration list for PBXNativeTarget "gomiCalendar" */ = {
			isa = XCConfigurationList;
			buildConfigurations = (
				281402B927D20F2F00E1ABC4 /* Debug */,
				281402BA27D20F2F00E1ABC4 /* Release */,
			);
			defaultConfigurationIsVisible = 0;
			defaultConfigurationName = Release;
		};
/* End XCConfigurationList section */

/* Begin XCRemoteSwiftPackageReference section */
		F5877D7B27D25903008AACE6 /* XCRemoteSwiftPackageReference "firebase-ios-sdk" */ = {
			isa = XCRemoteSwiftPackageReference;
			repositoryURL = "https://github.com/firebase/firebase-ios-sdk";
			requirement = {
				kind = upToNextMajorVersion;
				minimumVersion = 8.0.0;
			};
		};
/* End XCRemoteSwiftPackageReference section */

/* Begin XCSwiftPackageProductDependency section */
		F5877D7C27D25903008AACE6 /* FirebaseAnalytics */ = {
			isa = XCSwiftPackageProductDependency;
			package = F5877D7B27D25903008AACE6 /* XCRemoteSwiftPackageReference "firebase-ios-sdk" */;
			productName = FirebaseAnalytics;
		};
		F5877D7E27D25903008AACE6 /* FirebaseAppCheck */ = {
			isa = XCSwiftPackageProductDependency;
			package = F5877D7B27D25903008AACE6 /* XCRemoteSwiftPackageReference "firebase-ios-sdk" */;
			productName = FirebaseAppCheck;
		};
		F5877D8027D25903008AACE6 /* FirebaseAuth */ = {
			isa = XCSwiftPackageProductDependency;
			package = F5877D7B27D25903008AACE6 /* XCRemoteSwiftPackageReference "firebase-ios-sdk" */;
			productName = FirebaseAuth;
		};
		F5877D8227D25903008AACE6 /* FirebaseCrashlytics */ = {
			isa = XCSwiftPackageProductDependency;
			package = F5877D7B27D25903008AACE6 /* XCRemoteSwiftPackageReference "firebase-ios-sdk" */;
			productName = FirebaseCrashlytics;
		};
		F5877D8427D25903008AACE6 /* FirebaseDatabase */ = {
			isa = XCSwiftPackageProductDependency;
			package = F5877D7B27D25903008AACE6 /* XCRemoteSwiftPackageReference "firebase-ios-sdk" */;
			productName = FirebaseDatabase;
		};
		F5877D8627D25903008AACE6 /* FirebaseFirestore */ = {
			isa = XCSwiftPackageProductDependency;
			package = F5877D7B27D25903008AACE6 /* XCRemoteSwiftPackageReference "firebase-ios-sdk" */;
			productName = FirebaseFirestore;
		};
		F5877D8827D25903008AACE6 /* FirebaseFunctions */ = {
			isa = XCSwiftPackageProductDependency;
			package = F5877D7B27D25903008AACE6 /* XCRemoteSwiftPackageReference "firebase-ios-sdk" */;
			productName = FirebaseFunctions;
		};
		F5877D8A27D25903008AACE6 /* FirebaseInstallations */ = {
			isa = XCSwiftPackageProductDependency;
			package = F5877D7B27D25903008AACE6 /* XCRemoteSwiftPackageReference "firebase-ios-sdk" */;
			productName = FirebaseInstallations;
		};
		F5877D8C27D25903008AACE6 /* FirebaseStorage */ = {
			isa = XCSwiftPackageProductDependency;
			package = F5877D7B27D25903008AACE6 /* XCRemoteSwiftPackageReference "firebase-ios-sdk" */;
			productName = FirebaseStorage;
		};
/* End XCSwiftPackageProductDependency section */
	};
	rootObject = 281402A227D20F2A00E1ABC4 /* Project object */;
}
